{
  "version": 4,
  "terraform_version": "1.4.6",
  "serial": 9,
  "lineage": "92523f33-4e05-ca8f-570a-d53f56d45de2",
  "outputs": {
    "InstanceId": {
      "value": "i-0c88fc04a2361046c",
      "type": "string"
    },
    "PrivateKey": {
      "value": "-----BEGIN RSA PRIVATE KEY-----\nMIIEpAIBAAKCAQEAwzNgueL30lVwXkSgSuaFyQdIqyzJB8HXM84zqqFH6y6dezES\ntDpvtLIbNABjNjNBzogevchSbriv3z1zDc8gNJ8iddFlaR6u5ZolGglGlwzo2Ya5\n+qTVrxAlmq9hPTezZv5Wu2sv2bQRzsfoOb1NyoLL4nSfes7iqpSndbIpWlZqO2LE\njvYyO0+eiCWpgwfkl1HmE5QtHLmm/AoLp5a4xY4w+qNFSwnXHbhuJ/gdZ2gBeVzR\nv6XSUH+nvGp+noZzCnfvLZRFrP0AVyQjFtcIXPbu+9Tq0MTL+HdgW29dHzFHCqw0\nsIfdmD5bnI8YVJYgdjnyJhg6qAgf1/+cN+qBJQIDAQABAoIBAEm2IRSQ7Nx0fxZZ\n+93M50Bei8Z4BwHy5P0fJMuOU8YvuDBI+7MrTfuCNluQueZBvNvs8w7fkqFVBLTc\nU5InYRX98dlj1VO4znrNlq0aS5nGujdKdPh9PmP5SPn8uE+RtSFzcfUcKNmg8giP\n3NXQ8otCkRNWztJlRZr8v6/mM091IOyOXoHl6WKCopR1P4/g/T4OjzqxkJ88KgRW\nm6TGRXwoS2CAYGgEPs2qZKadGsx/gy/06x6r0+9uwdClPQV+sxMog8FyZG3rnZUW\n5UTvux2y3j3JzDQv+T7H+7dINGPdaRBqUlaN1t1En7n9HIn/vKCCkpsf2QBCJbQR\nEQwyQAECgYEAzEraBDf3+yVD21nmjNjAWfYGugU/wiKiZQE2LotCX14NllV2yzGC\nKryXVY2q+USix/bKiGgZa27WsgNcidcKZIa7ISK/dll/9P2kESbOCXpiAwgIOWWb\nS6/DBwLqR5weKwcX/ZzC5RV4fkYZwx/IBltUW08PjfILD6zmhaAqvAECgYEA9Jtt\nyH0DpJtc2ahkuTlwPraFqn3KmRANz5Ek4VZnMZ2lhGrgQEAgx+AaaRIcd5OqIDvw\njZO4uyybf9iCya1rf/4imoyGtj+V6sdPYt95VXj3hh3WmlndWjrfMJjSFxVoITVn\nQEuV09wnFyfmg66TMfoibDQ7J0TKJih2bGVRVSUCgYBgEOrIhREllnZ8VaAmp158\nb0bmfsVmoya+XH2AEZhahD3bbcD4+AT/18NKRd4abX4mjhTbZChf7rUi7JW9c9O9\nReYFRPPH0XpsWEGolxjYOCaSylojs3X9d188ktBccDt3fFR5vBeh5iDNMGW47d7/\nrj7S2TC1TRaKfoHAYHr4AQKBgQCI/gOeJWXE6r41qHnAwsp6VP7HXWv6DWOuvDtL\neHiS8Reh8blmQoQZbQldjyciUTEWnHs8z17GdVUhZMDa8qUiKdJ3e/x2VWZA9x8e\n4MmzdOwr0Mo/59RwlEgrj2saQoLvFlmdSLfAz6uU7GPNnBgUBWMB9r6qX3xXopGw\nY44JgQKBgQCqW7RMAzXaufsAWpvgAR+YSMDZo5Bax3a8jVZzablCJtgtdGbQ1nnX\nhmio9IuJy9vlw2suHEpvJ/qLmWaTDaP85RXMFmfNdLB+jhUo/4DsnSU4q8AFUx9C\nBB0qp4xD2Prlp+83rrSlidzsF/U5+l1aUVwDERd7bzvpknyClFbSgg==\n-----END RSA PRIVATE KEY-----\n",
      "type": "string",
      "sensitive": true
    },
    "PublicIpAddress": {
      "value": "",
      "type": "string"
    }
  },
  "resources": [
    {
      "mode": "managed",
      "type": "aws_instance",
      "name": "ec2_instance",
      "provider": "provider[\"registry.terraform.io/hashicorp/aws\"]",
      "instances": [
        {
          "schema_version": 1,
          "attributes": {
            "ami": "ami-08e5424edfe926b43",
            "arn": "arn:aws:ec2:ap-south-1:653470767467:instance/i-0c88fc04a2361046c",
            "associate_public_ip_address": false,
            "availability_zone": "ap-south-1a",
            "capacity_reservation_specification": [
              {
                "capacity_reservation_preference": "open",
                "capacity_reservation_target": []
              }
            ],
            "cpu_core_count": 1,
            "cpu_options": [
              {
                "amd_sev_snp": "",
                "core_count": 1,
                "threads_per_core": 1
              }
            ],
            "cpu_threads_per_core": 1,
            "credit_specification": [
              {
                "cpu_credits": "standard"
              }
            ],
            "disable_api_stop": false,
            "disable_api_termination": false,
            "ebs_block_device": [],
            "ebs_optimized": false,
            "enclave_options": [
              {
                "enabled": false
              }
            ],
            "ephemeral_block_device": [],
            "get_password_data": false,
            "hibernation": false,
            "host_id": "",
            "host_resource_group_arn": null,
            "iam_instance_profile": "",
            "id": "i-0c88fc04a2361046c",
            "instance_initiated_shutdown_behavior": "stop",
            "instance_lifecycle": "",
            "instance_market_options": [],
            "instance_state": "running",
            "instance_type": "t2.micro",
            "ipv6_address_count": 0,
            "ipv6_addresses": [],
            "key_name": "test_key",
            "launch_template": [],
            "maintenance_options": [
              {
                "auto_recovery": "default"
              }
            ],
            "metadata_options": [
              {
                "http_endpoint": "enabled",
                "http_protocol_ipv6": "disabled",
                "http_put_response_hop_limit": 1,
                "http_tokens": "optional",
                "instance_metadata_tags": "disabled"
              }
            ],
            "monitoring": false,
            "network_interface": [],
            "outpost_arn": "",
            "password_data": "",
            "placement_group": "",
            "placement_partition_number": 0,
            "primary_network_interface_id": "eni-00ceea3001e5ec8a9",
            "private_dns": "ip-10-0-0-114.ap-south-1.compute.internal",
            "private_dns_name_options": [
              {
                "enable_resource_name_dns_a_record": false,
                "enable_resource_name_dns_aaaa_record": false,
                "hostname_type": "ip-name"
              }
            ],
            "private_ip": "10.0.0.114",
            "public_dns": "",
            "public_ip": "",
            "root_block_device": [
              {
                "delete_on_termination": true,
                "device_name": "/dev/sda1",
                "encrypted": false,
                "iops": 100,
                "kms_key_id": "",
                "tags": {},
                "throughput": 0,
                "volume_id": "vol-0690a4743de1f7b10",
                "volume_size": 8,
                "volume_type": "gp2"
              }
            ],
            "secondary_private_ips": [],
            "security_groups": [],
            "source_dest_check": true,
            "spot_instance_request_id": "",
            "subnet_id": "subnet-0c96bf912d3a7ada8",
            "tags": {
              "Name": "demo"
            },
            "tags_all": {
              "Name": "demo"
            },
            "tenancy": "default",
            "timeouts": null,
            "user_data": null,
            "user_data_base64": null,
            "user_data_replace_on_change": false,
            "volume_tags": null,
            "vpc_security_group_ids": [
              "sg-091af5b1bc535ab64"
            ]
          },
          "sensitive_attributes": [],
          "private": "eyJlMmJmYjczMC1lY2FhLTExZTYtOGY4OC0zNDM2M2JjN2M0YzAiOnsiY3JlYXRlIjo2MDAwMDAwMDAwMDAsImRlbGV0ZSI6MTIwMDAwMDAwMDAwMCwidXBkYXRlIjo2MDAwMDAwMDAwMDB9LCJzY2hlbWFfdmVyc2lvbiI6IjEifQ==",
          "dependencies": [
            "aws_security_group.instance_sg",
            "aws_subnet.subnet"
          ]
        }
      ]
    },
    {
      "mode": "managed",
      "type": "aws_key_pair",
      "name": "key_pair",
      "provider": "provider[\"registry.terraform.io/hashicorp/aws\"]",
      "instances": [
        {
          "schema_version": 1,
          "attributes": {
            "arn": "arn:aws:ec2:ap-south-1:653470767467:key-pair/test_key",
            "fingerprint": "75:aa:8d:3f:27:43:e5:10:85:05:5d:69:e3:a6:9b:b4",
            "id": "test_key",
            "key_name": "test_key",
            "key_name_prefix": "",
            "key_pair_id": "key-0a39d5b2af781a545",
            "key_type": "rsa",
            "public_key": "ssh-rsa AAAAB3NzaC1yc2EAAAADAQABAAABAQDDM2C54vfSVXBeRKBK5oXJB0irLMkHwdczzjOqoUfrLp17MRK0Om+0shs0AGM2M0HOiB69yFJuuK/fPXMNzyA0nyJ10WVpHq7lmiUaCUaXDOjZhrn6pNWvECWar2E9N7Nm/la7ay/ZtBHOx+g5vU3KgsvidJ96zuKqlKd1silaVmo7YsSO9jI7T56IJamDB+SXUeYTlC0cuab8CgunlrjFjjD6o0VLCdcduG4n+B1naAF5XNG/pdJQf6e8an6ehnMKd+8tlEWs/QBXJCMW1whc9u771OrQxMv4d2Bbb10fMUcKrDSwh92YPlucjxhUliB2OfImGDqoCB/X/5w36oEl",
            "tags": {},
            "tags_all": {}
          },
          "sensitive_attributes": [],
          "private": "eyJzY2hlbWFfdmVyc2lvbiI6IjEifQ==",
          "dependencies": [
            "tls_private_key.private_key"
          ]
        }
      ]
    },
    {
      "mode": "managed",
      "type": "aws_security_group",
      "name": "instance_sg",
      "provider": "provider[\"registry.terraform.io/hashicorp/aws\"]",
      "instances": [
        {
          "schema_version": 1,
          "attributes": {
            "arn": "arn:aws:ec2:ap-south-1:653470767467:security-group/sg-091af5b1bc535ab64",
            "description": "Security group for the EC2 instance",
            "egress": [],
            "id": "sg-091af5b1bc535ab64",
            "ingress": [
              {
                "cidr_blocks": [
                  "0.0.0.0/0"
                ],
                "description": "",
                "from_port": 22,
                "ipv6_cidr_blocks": [],
                "prefix_list_ids": [],
                "protocol": "tcp",
                "security_groups": [],
                "self": false,
                "to_port": 22
              }
            ],
            "name": "instance-sg",
            "name_prefix": "",
            "owner_id": "653470767467",
            "revoke_rules_on_delete": false,
            "tags": {},
            "tags_all": {},
            "timeouts": null,
            "vpc_id": "vpc-08907e0c06562ce9b"
          },
          "sensitive_attributes": [],
          "private": "eyJlMmJmYjczMC1lY2FhLTExZTYtOGY4OC0zNDM2M2JjN2M0YzAiOnsiY3JlYXRlIjo2MDAwMDAwMDAwMDAsImRlbGV0ZSI6OTAwMDAwMDAwMDAwfSwic2NoZW1hX3ZlcnNpb24iOiIxIn0=",
          "dependencies": [
            "aws_vpc.main"
          ]
        }
      ]
    },
    {
      "mode": "managed",
      "type": "aws_subnet",
      "name": "subnet",
      "provider": "provider[\"registry.terraform.io/hashicorp/aws\"]",
      "instances": [
        {
          "schema_version": 1,
          "attributes": {
            "arn": "arn:aws:ec2:ap-south-1:653470767467:subnet/subnet-0c96bf912d3a7ada8",
            "assign_ipv6_address_on_creation": false,
            "availability_zone": "ap-south-1a",
            "availability_zone_id": "aps1-az1",
            "cidr_block": "10.0.0.0/24",
            "customer_owned_ipv4_pool": "",
            "enable_dns64": false,
            "enable_lni_at_device_index": 0,
            "enable_resource_name_dns_a_record_on_launch": false,
            "enable_resource_name_dns_aaaa_record_on_launch": false,
            "id": "subnet-0c96bf912d3a7ada8",
            "ipv6_cidr_block": "",
            "ipv6_cidr_block_association_id": "",
            "ipv6_native": false,
            "map_customer_owned_ip_on_launch": false,
            "map_public_ip_on_launch": false,
            "outpost_arn": "",
            "owner_id": "653470767467",
            "private_dns_hostname_type_on_launch": "ip-name",
            "tags": {},
            "tags_all": {},
            "timeouts": null,
            "vpc_id": "vpc-08907e0c06562ce9b"
          },
          "sensitive_attributes": [],
          "private": "eyJlMmJmYjczMC1lY2FhLTExZTYtOGY4OC0zNDM2M2JjN2M0YzAiOnsiY3JlYXRlIjo2MDAwMDAwMDAwMDAsImRlbGV0ZSI6MTIwMDAwMDAwMDAwMH0sInNjaGVtYV92ZXJzaW9uIjoiMSJ9",
          "dependencies": [
            "aws_vpc.main"
          ]
        }
      ]
    },
    {
      "mode": "managed",
      "type": "aws_vpc",
      "name": "main",
      "provider": "provider[\"registry.terraform.io/hashicorp/aws\"]",
      "instances": [
        {
          "schema_version": 1,
          "attributes": {
            "arn": "arn:aws:ec2:ap-south-1:653470767467:vpc/vpc-08907e0c06562ce9b",
            "assign_generated_ipv6_cidr_block": false,
            "cidr_block": "10.0.0.0/16",
            "default_network_acl_id": "acl-0c8ff12974aad8dba",
            "default_route_table_id": "rtb-0ea187cfbbfe59ede",
            "default_security_group_id": "sg-0ed1ca9259c1fa01b",
            "dhcp_options_id": "dopt-b5e654de",
            "enable_dns_hostnames": false,
            "enable_dns_support": true,
            "enable_network_address_usage_metrics": false,
            "id": "vpc-08907e0c06562ce9b",
            "instance_tenancy": "default",
            "ipv4_ipam_pool_id": null,
            "ipv4_netmask_length": null,
            "ipv6_association_id": "",
            "ipv6_cidr_block": "",
            "ipv6_cidr_block_network_border_group": "",
            "ipv6_ipam_pool_id": "",
            "ipv6_netmask_length": 0,
            "main_route_table_id": "rtb-0ea187cfbbfe59ede",
            "owner_id": "653470767467",
            "tags": {},
            "tags_all": {}
          },
          "sensitive_attributes": [],
          "private": "eyJzY2hlbWFfdmVyc2lvbiI6IjEifQ=="
        }
      ]
    },
    {
      "mode": "managed",
      "type": "tls_private_key",
      "name": "private_key",
      "provider": "provider[\"registry.terraform.io/hashicorp/tls\"]",
      "instances": [
        {
          "schema_version": 1,
          "attributes": {
            "algorithm": "RSA",
            "ecdsa_curve": "P224",
            "id": "1b736a97e69a6dbe0b264b29db1c7dedc6f25be1",
            "private_key_openssh": "-----BEGIN OPENSSH PRIVATE KEY-----\nb3BlbnNzaC1rZXktdjEAAAAABG5vbmUAAAAEbm9uZQAAAAAAAAABAAABFwAAAAdz\nc2gtcnNhAAAAAwEAAQAAAQEAwzNgueL30lVwXkSgSuaFyQdIqyzJB8HXM84zqqFH\n6y6dezEStDpvtLIbNABjNjNBzogevchSbriv3z1zDc8gNJ8iddFlaR6u5ZolGglG\nlwzo2Ya5+qTVrxAlmq9hPTezZv5Wu2sv2bQRzsfoOb1NyoLL4nSfes7iqpSndbIp\nWlZqO2LEjvYyO0+eiCWpgwfkl1HmE5QtHLmm/AoLp5a4xY4w+qNFSwnXHbhuJ/gd\nZ2gBeVzRv6XSUH+nvGp+noZzCnfvLZRFrP0AVyQjFtcIXPbu+9Tq0MTL+HdgW29d\nHzFHCqw0sIfdmD5bnI8YVJYgdjnyJhg6qAgf1/+cN+qBJQAAA7j85uRn/ObkZwAA\nAAdzc2gtcnNhAAABAQDDM2C54vfSVXBeRKBK5oXJB0irLMkHwdczzjOqoUfrLp17\nMRK0Om+0shs0AGM2M0HOiB69yFJuuK/fPXMNzyA0nyJ10WVpHq7lmiUaCUaXDOjZ\nhrn6pNWvECWar2E9N7Nm/la7ay/ZtBHOx+g5vU3KgsvidJ96zuKqlKd1silaVmo7\nYsSO9jI7T56IJamDB+SXUeYTlC0cuab8CgunlrjFjjD6o0VLCdcduG4n+B1naAF5\nXNG/pdJQf6e8an6ehnMKd+8tlEWs/QBXJCMW1whc9u771OrQxMv4d2Bbb10fMUcK\nrDSwh92YPlucjxhUliB2OfImGDqoCB/X/5w36oElAAAAAwEAAQAAAQBJtiEUkOzc\ndH8WWfvdzOdAXovGeAcB8uT9HyTLjlPGL7gwSPuzK037gjZbkLnmQbzb7PMO35Kh\nVQS03FOSJ2EV/fHZY9VTuM56zZatGkuZxro3SnT4fT5j+Uj5/LhPkbUhc3H1HCjZ\noPIIj9zV0PKLQpETVs7SZUWa/L+v5jNPdSDsjl6B5eligqKUdT+P4P0+Do86sZCf\nPCoEVpukxkV8KEtggGBoBD7NqmSmnRrMf4Mv9Oseq9PvbsHQpT0FfrMTKIPBcmRt\n652VFuVE77sdst49ycw0L/k+x/u3SDRj3WkQalJWjdbdRJ+5/RyJ/7yggpKbH9kA\nQiW0EREMMkABAAAAgQCqW7RMAzXaufsAWpvgAR+YSMDZo5Bax3a8jVZzablCJtgt\ndGbQ1nnXhmio9IuJy9vlw2suHEpvJ/qLmWaTDaP85RXMFmfNdLB+jhUo/4DsnSU4\nq8AFUx9CBB0qp4xD2Prlp+83rrSlidzsF/U5+l1aUVwDERd7bzvpknyClFbSggAA\nAIEAzEraBDf3+yVD21nmjNjAWfYGugU/wiKiZQE2LotCX14NllV2yzGCKryXVY2q\n+USix/bKiGgZa27WsgNcidcKZIa7ISK/dll/9P2kESbOCXpiAwgIOWWbS6/DBwLq\nR5weKwcX/ZzC5RV4fkYZwx/IBltUW08PjfILD6zmhaAqvAEAAACBAPSbbch9A6Sb\nXNmoZLk5cD62hap9ypkQDc+RJOFWZzGdpYRq4EBAIMfgGmkSHHeTqiA78I2TuLss\nm3/Ygsmta3/+IpqMhrY/lerHT2LfeVV494Yd1ppZ3Vo63zCY0hcVaCE1Z0BLldPc\nJxcn5oOukzH6Imw0OydEyiYodmxlUVUlAAAAAAEC\n-----END OPENSSH PRIVATE KEY-----\n",
            "private_key_pem": "-----BEGIN RSA PRIVATE KEY-----\nMIIEpAIBAAKCAQEAwzNgueL30lVwXkSgSuaFyQdIqyzJB8HXM84zqqFH6y6dezES\ntDpvtLIbNABjNjNBzogevchSbriv3z1zDc8gNJ8iddFlaR6u5ZolGglGlwzo2Ya5\n+qTVrxAlmq9hPTezZv5Wu2sv2bQRzsfoOb1NyoLL4nSfes7iqpSndbIpWlZqO2LE\njvYyO0+eiCWpgwfkl1HmE5QtHLmm/AoLp5a4xY4w+qNFSwnXHbhuJ/gdZ2gBeVzR\nv6XSUH+nvGp+noZzCnfvLZRFrP0AVyQjFtcIXPbu+9Tq0MTL+HdgW29dHzFHCqw0\nsIfdmD5bnI8YVJYgdjnyJhg6qAgf1/+cN+qBJQIDAQABAoIBAEm2IRSQ7Nx0fxZZ\n+93M50Bei8Z4BwHy5P0fJMuOU8YvuDBI+7MrTfuCNluQueZBvNvs8w7fkqFVBLTc\nU5InYRX98dlj1VO4znrNlq0aS5nGujdKdPh9PmP5SPn8uE+RtSFzcfUcKNmg8giP\n3NXQ8otCkRNWztJlRZr8v6/mM091IOyOXoHl6WKCopR1P4/g/T4OjzqxkJ88KgRW\nm6TGRXwoS2CAYGgEPs2qZKadGsx/gy/06x6r0+9uwdClPQV+sxMog8FyZG3rnZUW\n5UTvux2y3j3JzDQv+T7H+7dINGPdaRBqUlaN1t1En7n9HIn/vKCCkpsf2QBCJbQR\nEQwyQAECgYEAzEraBDf3+yVD21nmjNjAWfYGugU/wiKiZQE2LotCX14NllV2yzGC\nKryXVY2q+USix/bKiGgZa27WsgNcidcKZIa7ISK/dll/9P2kESbOCXpiAwgIOWWb\nS6/DBwLqR5weKwcX/ZzC5RV4fkYZwx/IBltUW08PjfILD6zmhaAqvAECgYEA9Jtt\nyH0DpJtc2ahkuTlwPraFqn3KmRANz5Ek4VZnMZ2lhGrgQEAgx+AaaRIcd5OqIDvw\njZO4uyybf9iCya1rf/4imoyGtj+V6sdPYt95VXj3hh3WmlndWjrfMJjSFxVoITVn\nQEuV09wnFyfmg66TMfoibDQ7J0TKJih2bGVRVSUCgYBgEOrIhREllnZ8VaAmp158\nb0bmfsVmoya+XH2AEZhahD3bbcD4+AT/18NKRd4abX4mjhTbZChf7rUi7JW9c9O9\nReYFRPPH0XpsWEGolxjYOCaSylojs3X9d188ktBccDt3fFR5vBeh5iDNMGW47d7/\nrj7S2TC1TRaKfoHAYHr4AQKBgQCI/gOeJWXE6r41qHnAwsp6VP7HXWv6DWOuvDtL\neHiS8Reh8blmQoQZbQldjyciUTEWnHs8z17GdVUhZMDa8qUiKdJ3e/x2VWZA9x8e\n4MmzdOwr0Mo/59RwlEgrj2saQoLvFlmdSLfAz6uU7GPNnBgUBWMB9r6qX3xXopGw\nY44JgQKBgQCqW7RMAzXaufsAWpvgAR+YSMDZo5Bax3a8jVZzablCJtgtdGbQ1nnX\nhmio9IuJy9vlw2suHEpvJ/qLmWaTDaP85RXMFmfNdLB+jhUo/4DsnSU4q8AFUx9C\nBB0qp4xD2Prlp+83rrSlidzsF/U5+l1aUVwDERd7bzvpknyClFbSgg==\n-----END RSA PRIVATE KEY-----\n",
            "private_key_pem_pkcs8": "-----BEGIN PRIVATE KEY-----\nMIIEvgIBADANBgkqhkiG9w0BAQEFAASCBKgwggSkAgEAAoIBAQDDM2C54vfSVXBe\nRKBK5oXJB0irLMkHwdczzjOqoUfrLp17MRK0Om+0shs0AGM2M0HOiB69yFJuuK/f\nPXMNzyA0nyJ10WVpHq7lmiUaCUaXDOjZhrn6pNWvECWar2E9N7Nm/la7ay/ZtBHO\nx+g5vU3KgsvidJ96zuKqlKd1silaVmo7YsSO9jI7T56IJamDB+SXUeYTlC0cuab8\nCgunlrjFjjD6o0VLCdcduG4n+B1naAF5XNG/pdJQf6e8an6ehnMKd+8tlEWs/QBX\nJCMW1whc9u771OrQxMv4d2Bbb10fMUcKrDSwh92YPlucjxhUliB2OfImGDqoCB/X\n/5w36oElAgMBAAECggEASbYhFJDs3HR/Fln73cznQF6LxngHAfLk/R8ky45Txi+4\nMEj7sytN+4I2W5C55kG82+zzDt+SoVUEtNxTkidhFf3x2WPVU7jOes2WrRpLmca6\nN0p0+H0+Y/lI+fy4T5G1IXNx9Rwo2aDyCI/c1dDyi0KRE1bO0mVFmvy/r+YzT3Ug\n7I5egeXpYoKilHU/j+D9Pg6POrGQnzwqBFabpMZFfChLYIBgaAQ+zapkpp0azH+D\nL/TrHqvT727B0KU9BX6zEyiDwXJkbeudlRblRO+7HbLePcnMNC/5Psf7t0g0Y91p\nEGpSVo3W3USfuf0cif+8oIKSmx/ZAEIltBERDDJAAQKBgQDMStoEN/f7JUPbWeaM\n2MBZ9ga6BT/CIqJlATYui0JfXg2WVXbLMYIqvJdVjar5RKLH9sqIaBlrbtayA1yJ\n1wpkhrshIr92WX/0/aQRJs4JemIDCAg5ZZtLr8MHAupHnB4rBxf9nMLlFXh+RhnD\nH8gGW1RbTw+N8gsPrOaFoCq8AQKBgQD0m23IfQOkm1zZqGS5OXA+toWqfcqZEA3P\nkSThVmcxnaWEauBAQCDH4BppEhx3k6ogO/CNk7i7LJt/2ILJrWt//iKajIa2P5Xq\nx09i33lVePeGHdaaWd1aOt8wmNIXFWghNWdAS5XT3CcXJ+aDrpMx+iJsNDsnRMom\nKHZsZVFVJQKBgGAQ6siFESWWdnxVoCanXnxvRuZ+xWajJr5cfYARmFqEPdttwPj4\nBP/Xw0pF3hptfiaOFNtkKF/utSLslb1z071F5gVE88fRemxYQaiXGNg4JpLKWiOz\ndf13XzyS0FxwO3d8VHm8F6HmIM0wZbjt3v+uPtLZMLVNFop+gcBgevgBAoGBAIj+\nA54lZcTqvjWoecDCynpU/sdda/oNY668O0t4eJLxF6HxuWZChBltCV2PJyJRMRac\nezzPXsZ1VSFkwNrypSIp0nd7/HZVZkD3Hx7gybN07CvQyj/n1HCUSCuPaxpCgu8W\nWZ1It8DPq5TsY82cGBQFYwH2vqpffFeikbBjjgmBAoGBAKpbtEwDNdq5+wBam+AB\nH5hIwNmjkFrHdryNVnNpuUIm2C10ZtDWedeGaKj0i4nL2+XDay4cSm8n+ouZZpMN\no/zlFcwWZ810sH6OFSj/gOydJTirwAVTH0IEHSqnjEPY+uWn7zeutKWJ3OwX9Tn6\nXVpRXAMRF3tvO+mSfIKUVtKC\n-----END PRIVATE KEY-----\n",
            "public_key_fingerprint_md5": "6b:32:f1:b9:f0:eb:49:2c:b4:f6:9f:38:22:a4:c5:f9",
            "public_key_fingerprint_sha256": "SHA256:X93JdlmaXocQxV0HMYctB0fafBUUCDRtXlPw8mQbFmc",
            "public_key_openssh": "ssh-rsa AAAAB3NzaC1yc2EAAAADAQABAAABAQDDM2C54vfSVXBeRKBK5oXJB0irLMkHwdczzjOqoUfrLp17MRK0Om+0shs0AGM2M0HOiB69yFJuuK/fPXMNzyA0nyJ10WVpHq7lmiUaCUaXDOjZhrn6pNWvECWar2E9N7Nm/la7ay/ZtBHOx+g5vU3KgsvidJ96zuKqlKd1silaVmo7YsSO9jI7T56IJamDB+SXUeYTlC0cuab8CgunlrjFjjD6o0VLCdcduG4n+B1naAF5XNG/pdJQf6e8an6ehnMKd+8tlEWs/QBXJCMW1whc9u771OrQxMv4d2Bbb10fMUcKrDSwh92YPlucjxhUliB2OfImGDqoCB/X/5w36oEl\n",
            "public_key_pem": "-----BEGIN PUBLIC KEY-----\nMIIBIjANBgkqhkiG9w0BAQEFAAOCAQ8AMIIBCgKCAQEAwzNgueL30lVwXkSgSuaF\nyQdIqyzJB8HXM84zqqFH6y6dezEStDpvtLIbNABjNjNBzogevchSbriv3z1zDc8g\nNJ8iddFlaR6u5ZolGglGlwzo2Ya5+qTVrxAlmq9hPTezZv5Wu2sv2bQRzsfoOb1N\nyoLL4nSfes7iqpSndbIpWlZqO2LEjvYyO0+eiCWpgwfkl1HmE5QtHLmm/AoLp5a4\nxY4w+qNFSwnXHbhuJ/gdZ2gBeVzRv6XSUH+nvGp+noZzCnfvLZRFrP0AVyQjFtcI\nXPbu+9Tq0MTL+HdgW29dHzFHCqw0sIfdmD5bnI8YVJYgdjnyJhg6qAgf1/+cN+qB\nJQIDAQAB\n-----END PUBLIC KEY-----\n",
            "rsa_bits": 2048
          },
          "sensitive_attributes": []
        }
      ]
    }
  ],
  "check_results": null
}
